
Microsoft Visual Studio Solution File, Format Version 12.00
# Visual Studio 15
VisualStudioVersion = 15.0.26430.16
MinimumVisualStudioVersion = 10.0.40219.1
Project("{FAE04EC0-301F-11D3-BF4B-00C04F79EFBC}") = "Demo.Android", "Demo.Android\Demo.Android.csproj", "{1449E5FB-D7D7-443A-8383-247B43BBF4CC}"
EndProject
Project("{FAE04EC0-301F-11D3-BF4B-00C04F79EFBC}") = "Demo", "Demo\Demo.csproj", "{EEA0EC71-9694-416F-872F-001F103D5AFE}"
EndProject
Project("{FAE04EC0-301F-11D3-BF4B-00C04F79EFBC}") = "Demo.UWP", "Demo.UWP\Demo.UWP.csproj", "{3224BD97-A021-4FDB-A639-909C7F19F139}"
EndProject
Project("{FAE04EC0-301F-11D3-BF4B-00C04F79EFBC}") = "Demo.iOS", "Demo.iOS\Demo.iOS.csproj", "{7DBB1B6A-839F-4916-916E-15C93315D934}"
EndProject
Project("{2150E333-8FDC-42A3-9474-1A3956D46DE8}") = "framework", "framework", "{3119CC78-40E1-4284-B18B-D8E72E7FC1B3}"
EndProject
Project("{FAE04EC0-301F-11D3-BF4B-00C04F79EFBC}") = "MvvmNano.Core", "..\src\MvvmNano.Core\MvvmNano.Core.csproj", "{20702C2E-24BF-417E-9EFB-B68CEC360FA3}"
EndProject
Project("{FAE04EC0-301F-11D3-BF4B-00C04F79EFBC}") = "MvvmNano.Forms", "..\src\MvvmNano.Forms\MvvmNano.Forms.csproj", "{DB140B3E-0A15-4923-A07E-AD0C73523E27}"
EndProject
Project("{FAE04EC0-301F-11D3-BF4B-00C04F79EFBC}") = "MvvmNano.Ninject", "..\src\MvvmNano.Ninject\MvvmNano.Ninject.csproj", "{4C6EFDD3-14DA-410E-8026-AB452C5E1E44}"
EndProject
Global
	GlobalSection(SolutionConfigurationPlatforms) = preSolution
		Ad-Hoc|Any CPU = Ad-Hoc|Any CPU
		Ad-Hoc|ARM = Ad-Hoc|ARM
		Ad-Hoc|iPhone = Ad-Hoc|iPhone
		Ad-Hoc|iPhoneSimulator = Ad-Hoc|iPhoneSimulator
		Ad-Hoc|x64 = Ad-Hoc|x64
		Ad-Hoc|x86 = Ad-Hoc|x86
		AppStore|Any CPU = AppStore|Any CPU
		AppStore|ARM = AppStore|ARM
		AppStore|iPhone = AppStore|iPhone
		AppStore|iPhoneSimulator = AppStore|iPhoneSimulator
		AppStore|x64 = AppStore|x64
		AppStore|x86 = AppStore|x86
		Debug|Any CPU = Debug|Any CPU
		Debug|ARM = Debug|ARM
		Debug|iPhone = Debug|iPhone
		Debug|iPhoneSimulator = Debug|iPhoneSimulator
		Debug|x64 = Debug|x64
		Debug|x86 = Debug|x86
		Release|Any CPU = Release|Any CPU
		Release|ARM = Release|ARM
		Release|iPhone = Release|iPhone
		Release|iPhoneSimulator = Release|iPhoneSimulator
		Release|x64 = Release|x64
		Release|x86 = Release|x86
	EndGlobalSection
	GlobalSection(ProjectConfigurationPlatforms) = postSolution
		{1449E5FB-D7D7-443A-8383-247B43BBF4CC}.Ad-Hoc|Any CPU.ActiveCfg = Release|Any CPU
		{1449E5FB-D7D7-443A-8383-247B43BBF4CC}.Ad-Hoc|Any CPU.Build.0 = Release|Any CPU
		{1449E5FB-D7D7-443A-8383-247B43BBF4CC}.Ad-Hoc|Any CPU.Deploy.0 = Release|Any CPU
		{1449E5FB-D7D7-443A-8383-247B43BBF4CC}.Ad-Hoc|ARM.ActiveCfg = Release|Any CPU
		{1449E5FB-D7D7-443A-8383-247B43BBF4CC}.Ad-Hoc|ARM.Build.0 = Release|Any CPU
		{1449E5FB-D7D7-443A-8383-247B43BBF4CC}.Ad-Hoc|ARM.Deploy.0 = Release|Any CPU
		{1449E5FB-D7D7-443A-8383-247B43BBF4CC}.Ad-Hoc|iPhone.ActiveCfg = Release|Any CPU
		{1449E5FB-D7D7-443A-8383-247B43BBF4CC}.Ad-Hoc|iPhone.Build.0 = Release|Any CPU
		{1449E5FB-D7D7-443A-8383-247B43BBF4CC}.Ad-Hoc|iPhone.Deploy.0 = Release|Any CPU
		{1449E5FB-D7D7-443A-8383-247B43BBF4CC}.Ad-Hoc|iPhoneSimulator.ActiveCfg = Release|Any CPU
		{1449E5FB-D7D7-443A-8383-247B43BBF4CC}.Ad-Hoc|iPhoneSimulator.Build.0 = Release|Any CPU
		{1449E5FB-D7D7-443A-8383-247B43BBF4CC}.Ad-Hoc|iPhoneSimulator.Deploy.0 = Release|Any CPU
		{1449E5FB-D7D7-443A-8383-247B43BBF4CC}.Ad-Hoc|x64.ActiveCfg = Release|Any CPU
		{1449E5FB-D7D7-443A-8383-247B43BBF4CC}.Ad-Hoc|x64.Build.0 = Release|Any CPU
		{1449E5FB-D7D7-443A-8383-247B43BBF4CC}.Ad-Hoc|x64.Deploy.0 = Release|Any CPU
		{1449E5FB-D7D7-443A-8383-247B43BBF4CC}.Ad-Hoc|x86.ActiveCfg = Release|Any CPU
		{1449E5FB-D7D7-443A-8383-247B43BBF4CC}.Ad-Hoc|x86.Build.0 = Release|Any CPU
		{1449E5FB-D7D7-443A-8383-247B43BBF4CC}.Ad-Hoc|x86.Deploy.0 = Release|Any CPU
		{1449E5FB-D7D7-443A-8383-247B43BBF4CC}.AppStore|Any CPU.ActiveCfg = Release|Any CPU
		{1449E5FB-D7D7-443A-8383-247B43BBF4CC}.AppStore|Any CPU.Build.0 = Release|Any CPU
		{1449E5FB-D7D7-443A-8383-247B43BBF4CC}.AppStore|Any CPU.Deploy.0 = Release|Any CPU
		{1449E5FB-D7D7-443A-8383-247B43BBF4CC}.AppStore|ARM.ActiveCfg = Release|Any CPU
		{1449E5FB-D7D7-443A-8383-247B43BBF4CC}.AppStore|ARM.Build.0 = Release|Any CPU
		{1449E5FB-D7D7-443A-8383-247B43BBF4CC}.AppStore|ARM.Deploy.0 = Release|Any CPU
		{1449E5FB-D7D7-443A-8383-247B43BBF4CC}.AppStore|iPhone.ActiveCfg = Release|Any CPU
		{1449E5FB-D7D7-443A-8383-247B43BBF4CC}.AppStore|iPhone.Build.0 = Release|Any CPU
		{1449E5FB-D7D7-443A-8383-247B43BBF4CC}.AppStore|iPhone.Deploy.0 = Release|Any CPU
		{1449E5FB-D7D7-443A-8383-247B43BBF4CC}.AppStore|iPhoneSimulator.ActiveCfg = Release|Any CPU
		{1449E5FB-D7D7-443A-8383-247B43BBF4CC}.AppStore|iPhoneSimulator.Build.0 = Release|Any CPU
		{1449E5FB-D7D7-443A-8383-247B43BBF4CC}.AppStore|iPhoneSimulator.Deploy.0 = Release|Any CPU
		{1449E5FB-D7D7-443A-8383-247B43BBF4CC}.AppStore|x64.ActiveCfg = Release|Any CPU
		{1449E5FB-D7D7-443A-8383-247B43BBF4CC}.AppStore|x64.Build.0 = Release|Any CPU
		{1449E5FB-D7D7-443A-8383-247B43BBF4CC}.AppStore|x64.Deploy.0 = Release|Any CPU
		{1449E5FB-D7D7-443A-8383-247B43BBF4CC}.AppStore|x86.ActiveCfg = Release|Any CPU
		{1449E5FB-D7D7-443A-8383-247B43BBF4CC}.AppStore|x86.Build.0 = Release|Any CPU
		{1449E5FB-D7D7-443A-8383-247B43BBF4CC}.AppStore|x86.Deploy.0 = Release|Any CPU
		{1449E5FB-D7D7-443A-8383-247B43BBF4CC}.Debug|Any CPU.ActiveCfg = Debug|Any CPU
		{1449E5FB-D7D7-443A-8383-247B43BBF4CC}.Debug|Any CPU.Build.0 = Debug|Any CPU
		{1449E5FB-D7D7-443A-8383-247B43BBF4CC}.Debug|Any CPU.Deploy.0 = Debug|Any CPU
		{1449E5FB-D7D7-443A-8383-247B43BBF4CC}.Debug|ARM.ActiveCfg = Debug|Any CPU
		{1449E5FB-D7D7-443A-8383-247B43BBF4CC}.Debug|ARM.Build.0 = Debug|Any CPU
		{1449E5FB-D7D7-443A-8383-247B43BBF4CC}.Debug|ARM.Deploy.0 = Debug|Any CPU
		{1449E5FB-D7D7-443A-8383-247B43BBF4CC}.Debug|iPhone.ActiveCfg = Debug|Any CPU
		{1449E5FB-D7D7-443A-8383-247B43BBF4CC}.Debug|iPhone.Build.0 = Debug|Any CPU
		{1449E5FB-D7D7-443A-8383-247B43BBF4CC}.Debug|iPhone.Deploy.0 = Debug|Any CPU
		{1449E5FB-D7D7-443A-8383-247B43BBF4CC}.Debug|iPhoneSimulator.ActiveCfg = Debug|Any CPU
		{1449E5FB-D7D7-443A-8383-247B43BBF4CC}.Debug|iPhoneSimulator.Build.0 = Debug|Any CPU
		{1449E5FB-D7D7-443A-8383-247B43BBF4CC}.Debug|iPhoneSimulator.Deploy.0 = Debug|Any CPU
		{1449E5FB-D7D7-443A-8383-247B43BBF4CC}.Debug|x64.ActiveCfg = Debug|Any CPU
		{1449E5FB-D7D7-443A-8383-247B43BBF4CC}.Debug|x64.Build.0 = Debug|Any CPU
		{1449E5FB-D7D7-443A-8383-247B43BBF4CC}.Debug|x64.Deploy.0 = Debug|Any CPU
		{1449E5FB-D7D7-443A-8383-247B43BBF4CC}.Debug|x86.ActiveCfg = Debug|Any CPU
		{1449E5FB-D7D7-443A-8383-247B43BBF4CC}.Debug|x86.Build.0 = Debug|Any CPU
		{1449E5FB-D7D7-443A-8383-247B43BBF4CC}.Debug|x86.Deploy.0 = Debug|Any CPU
		{1449E5FB-D7D7-443A-8383-247B43BBF4CC}.Release|Any CPU.ActiveCfg = Release|Any CPU
		{1449E5FB-D7D7-443A-8383-247B43BBF4CC}.Release|Any CPU.Build.0 = Release|Any CPU
		{1449E5FB-D7D7-443A-8383-247B43BBF4CC}.Release|Any CPU.Deploy.0 = Release|Any CPU
		{1449E5FB-D7D7-443A-8383-247B43BBF4CC}.Release|ARM.ActiveCfg = Release|Any CPU
		{1449E5FB-D7D7-443A-8383-247B43BBF4CC}.Release|ARM.Build.0 = Release|Any CPU
		{1449E5FB-D7D7-443A-8383-247B43BBF4CC}.Release|ARM.Deploy.0 = Release|Any CPU
		{1449E5FB-D7D7-443A-8383-247B43BBF4CC}.Release|iPhone.ActiveCfg = Release|Any CPU
		{1449E5FB-D7D7-443A-8383-247B43BBF4CC}.Release|iPhone.Build.0 = Release|Any CPU
		{1449E5FB-D7D7-443A-8383-247B43BBF4CC}.Release|iPhone.Deploy.0 = Release|Any CPU
		{1449E5FB-D7D7-443A-8383-247B43BBF4CC}.Release|iPhoneSimulator.ActiveCfg = Release|Any CPU
		{1449E5FB-D7D7-443A-8383-247B43BBF4CC}.Release|iPhoneSimulator.Build.0 = Release|Any CPU
		{1449E5FB-D7D7-443A-8383-247B43BBF4CC}.Release|iPhoneSimulator.Deploy.0 = Release|Any CPU
		{1449E5FB-D7D7-443A-8383-247B43BBF4CC}.Release|x64.ActiveCfg = Release|Any CPU
		{1449E5FB-D7D7-443A-8383-247B43BBF4CC}.Release|x64.Build.0 = Release|Any CPU
		{1449E5FB-D7D7-443A-8383-247B43BBF4CC}.Release|x64.Deploy.0 = Release|Any CPU
		{1449E5FB-D7D7-443A-8383-247B43BBF4CC}.Release|x86.ActiveCfg = Release|Any CPU
		{1449E5FB-D7D7-443A-8383-247B43BBF4CC}.Release|x86.Build.0 = Release|Any CPU
		{1449E5FB-D7D7-443A-8383-247B43BBF4CC}.Release|x86.Deploy.0 = Release|Any CPU
		{EEA0EC71-9694-416F-872F-001F103D5AFE}.Ad-Hoc|Any CPU.ActiveCfg = Release|Any CPU
		{EEA0EC71-9694-416F-872F-001F103D5AFE}.Ad-Hoc|Any CPU.Build.0 = Release|Any CPU
		{EEA0EC71-9694-416F-872F-001F103D5AFE}.Ad-Hoc|ARM.ActiveCfg = Release|Any CPU
		{EEA0EC71-9694-416F-872F-001F103D5AFE}.Ad-Hoc|ARM.Build.0 = Release|Any CPU
		{EEA0EC71-9694-416F-872F-001F103D5AFE}.Ad-Hoc|iPhone.ActiveCfg = Release|Any CPU
		{EEA0EC71-9694-416F-872F-001F103D5AFE}.Ad-Hoc|iPhone.Build.0 = Release|Any CPU
		{EEA0EC71-9694-416F-872F-001F103D5AFE}.Ad-Hoc|iPhoneSimulator.ActiveCfg = Release|Any CPU
		{EEA0EC71-9694-416F-872F-001F103D5AFE}.Ad-Hoc|iPhoneSimulator.Build.0 = Release|Any CPU
		{EEA0EC71-9694-416F-872F-001F103D5AFE}.Ad-Hoc|x64.ActiveCfg = Release|Any CPU
		{EEA0EC71-9694-416F-872F-001F103D5AFE}.Ad-Hoc|x64.Build.0 = Release|Any CPU
		{EEA0EC71-9694-416F-872F-001F103D5AFE}.Ad-Hoc|x86.ActiveCfg = Release|Any CPU
		{EEA0EC71-9694-416F-872F-001F103D5AFE}.Ad-Hoc|x86.Build.0 = Release|Any CPU
		{EEA0EC71-9694-416F-872F-001F103D5AFE}.AppStore|Any CPU.ActiveCfg = Release|Any CPU
		{EEA0EC71-9694-416F-872F-001F103D5AFE}.AppStore|Any CPU.Build.0 = Release|Any CPU
		{EEA0EC71-9694-416F-872F-001F103D5AFE}.AppStore|ARM.ActiveCfg = Release|Any CPU
		{EEA0EC71-9694-416F-872F-001F103D5AFE}.AppStore|ARM.Build.0 = Release|Any CPU
		{EEA0EC71-9694-416F-872F-001F103D5AFE}.AppStore|iPhone.ActiveCfg = Release|Any CPU
		{EEA0EC71-9694-416F-872F-001F103D5AFE}.AppStore|iPhone.Build.0 = Release|Any CPU
		{EEA0EC71-9694-416F-872F-001F103D5AFE}.AppStore|iPhoneSimulator.ActiveCfg = Release|Any CPU
		{EEA0EC71-9694-416F-872F-001F103D5AFE}.AppStore|iPhoneSimulator.Build.0 = Release|Any CPU
		{EEA0EC71-9694-416F-872F-001F103D5AFE}.AppStore|x64.ActiveCfg = Release|Any CPU
		{EEA0EC71-9694-416F-872F-001F103D5AFE}.AppStore|x64.Build.0 = Release|Any CPU
		{EEA0EC71-9694-416F-872F-001F103D5AFE}.AppStore|x86.ActiveCfg = Release|Any CPU
		{EEA0EC71-9694-416F-872F-001F103D5AFE}.AppStore|x86.Build.0 = Release|Any CPU
		{EEA0EC71-9694-416F-872F-001F103D5AFE}.Debug|Any CPU.ActiveCfg = Debug|Any CPU
		{EEA0EC71-9694-416F-872F-001F103D5AFE}.Debug|Any CPU.Build.0 = Debug|Any CPU
		{EEA0EC71-9694-416F-872F-001F103D5AFE}.Debug|ARM.ActiveCfg = Debug|Any CPU
		{EEA0EC71-9694-416F-872F-001F103D5AFE}.Debug|ARM.Build.0 = Debug|Any CPU
		{EEA0EC71-9694-416F-872F-001F103D5AFE}.Debug|iPhone.ActiveCfg = Debug|Any CPU
		{EEA0EC71-9694-416F-872F-001F103D5AFE}.Debug|iPhone.Build.0 = Debug|Any CPU
		{EEA0EC71-9694-416F-872F-001F103D5AFE}.Debug|iPhoneSimulator.ActiveCfg = Debug|Any CPU
		{EEA0EC71-9694-416F-872F-001F103D5AFE}.Debug|iPhoneSimulator.Build.0 = Debug|Any CPU
		{EEA0EC71-9694-416F-872F-001F103D5AFE}.Debug|x64.ActiveCfg = Debug|Any CPU
		{EEA0EC71-9694-416F-872F-001F103D5AFE}.Debug|x64.Build.0 = Debug|Any CPU
		{EEA0EC71-9694-416F-872F-001F103D5AFE}.Debug|x86.ActiveCfg = Debug|Any CPU
		{EEA0EC71-9694-416F-872F-001F103D5AFE}.Debug|x86.Build.0 = Debug|Any CPU
		{EEA0EC71-9694-416F-872F-001F103D5AFE}.Release|Any CPU.ActiveCfg = Release|Any CPU
		{EEA0EC71-9694-416F-872F-001F103D5AFE}.Release|Any CPU.Build.0 = Release|Any CPU
		{EEA0EC71-9694-416F-872F-001F103D5AFE}.Release|ARM.ActiveCfg = Release|Any CPU
		{EEA0EC71-9694-416F-872F-001F103D5AFE}.Release|ARM.Build.0 = Release|Any CPU
		{EEA0EC71-9694-416F-872F-001F103D5AFE}.Release|iPhone.ActiveCfg = Release|Any CPU
		{EEA0EC71-9694-416F-872F-001F103D5AFE}.Release|iPhone.Build.0 = Release|Any CPU
		{EEA0EC71-9694-416F-872F-001F103D5AFE}.Release|iPhoneSimulator.ActiveCfg = Release|Any CPU
		{EEA0EC71-9694-416F-872F-001F103D5AFE}.Release|iPhoneSimulator.Build.0 = Release|Any CPU
		{EEA0EC71-9694-416F-872F-001F103D5AFE}.Release|x64.ActiveCfg = Release|Any CPU
		{EEA0EC71-9694-416F-872F-001F103D5AFE}.Release|x64.Build.0 = Release|Any CPU
		{EEA0EC71-9694-416F-872F-001F103D5AFE}.Release|x86.ActiveCfg = Release|Any CPU
		{EEA0EC71-9694-416F-872F-001F103D5AFE}.Release|x86.Build.0 = Release|Any CPU
		{3224BD97-A021-4FDB-A639-909C7F19F139}.Ad-Hoc|Any CPU.ActiveCfg = Release|x86
		{3224BD97-A021-4FDB-A639-909C7F19F139}.Ad-Hoc|Any CPU.Build.0 = Release|x86
		{3224BD97-A021-4FDB-A639-909C7F19F139}.Ad-Hoc|Any CPU.Deploy.0 = Release|x86
		{3224BD97-A021-4FDB-A639-909C7F19F139}.Ad-Hoc|ARM.ActiveCfg = Release|ARM
		{3224BD97-A021-4FDB-A639-909C7F19F139}.Ad-Hoc|ARM.Build.0 = Release|ARM
		{3224BD97-A021-4FDB-A639-909C7F19F139}.Ad-Hoc|ARM.Deploy.0 = Release|ARM
		{3224BD97-A021-4FDB-A639-909C7F19F139}.Ad-Hoc|iPhone.ActiveCfg = Release|x86
		{3224BD97-A021-4FDB-A639-909C7F19F139}.Ad-Hoc|iPhone.Build.0 = Release|x86
		{3224BD97-A021-4FDB-A639-909C7F19F139}.Ad-Hoc|iPhone.Deploy.0 = Release|x86
		{3224BD97-A021-4FDB-A639-909C7F19F139}.Ad-Hoc|iPhoneSimulator.ActiveCfg = Release|x86
		{3224BD97-A021-4FDB-A639-909C7F19F139}.Ad-Hoc|iPhoneSimulator.Build.0 = Release|x86
		{3224BD97-A021-4FDB-A639-909C7F19F139}.Ad-Hoc|iPhoneSimulator.Deploy.0 = Release|x86
		{3224BD97-A021-4FDB-A639-909C7F19F139}.Ad-Hoc|x64.ActiveCfg = Release|x64
		{3224BD97-A021-4FDB-A639-909C7F19F139}.Ad-Hoc|x64.Build.0 = Release|x64
		{3224BD97-A021-4FDB-A639-909C7F19F139}.Ad-Hoc|x64.Deploy.0 = Release|x64
		{3224BD97-A021-4FDB-A639-909C7F19F139}.Ad-Hoc|x86.ActiveCfg = Release|x86
		{3224BD97-A021-4FDB-A639-909C7F19F139}.Ad-Hoc|x86.Build.0 = Release|x86
		{3224BD97-A021-4FDB-A639-909C7F19F139}.Ad-Hoc|x86.Deploy.0 = Release|x86
		{3224BD97-A021-4FDB-A639-909C7F19F139}.AppStore|Any CPU.ActiveCfg = Release|x86
		{3224BD97-A021-4FDB-A639-909C7F19F139}.AppStore|Any CPU.Build.0 = Release|x86
		{3224BD97-A021-4FDB-A639-909C7F19F139}.AppStore|Any CPU.Deploy.0 = Release|x86
		{3224BD97-A021-4FDB-A639-909C7F19F139}.AppStore|ARM.ActiveCfg = Release|ARM
		{3224BD97-A021-4FDB-A639-909C7F19F139}.AppStore|ARM.Build.0 = Release|ARM
		{3224BD97-A021-4FDB-A639-909C7F19F139}.AppStore|ARM.Deploy.0 = Release|ARM
		{3224BD97-A021-4FDB-A639-909C7F19F139}.AppStore|iPhone.ActiveCfg = Release|x86
		{3224BD97-A021-4FDB-A639-909C7F19F139}.AppStore|iPhone.Build.0 = Release|x86
		{3224BD97-A021-4FDB-A639-909C7F19F139}.AppStore|iPhone.Deploy.0 = Release|x86
		{3224BD97-A021-4FDB-A639-909C7F19F139}.AppStore|iPhoneSimulator.ActiveCfg = Release|x86
		{3224BD97-A021-4FDB-A639-909C7F19F139}.AppStore|iPhoneSimulator.Build.0 = Release|x86
		{3224BD97-A021-4FDB-A639-909C7F19F139}.AppStore|iPhoneSimulator.Deploy.0 = Release|x86
		{3224BD97-A021-4FDB-A639-909C7F19F139}.AppStore|x64.ActiveCfg = Release|x64
		{3224BD97-A021-4FDB-A639-909C7F19F139}.AppStore|x64.Build.0 = Release|x64
		{3224BD97-A021-4FDB-A639-909C7F19F139}.AppStore|x64.Deploy.0 = Release|x64
		{3224BD97-A021-4FDB-A639-909C7F19F139}.AppStore|x86.ActiveCfg = Release|x86
		{3224BD97-A021-4FDB-A639-909C7F19F139}.AppStore|x86.Build.0 = Release|x86
		{3224BD97-A021-4FDB-A639-909C7F19F139}.AppStore|x86.Deploy.0 = Release|x86
		{3224BD97-A021-4FDB-A639-909C7F19F139}.Debug|Any CPU.ActiveCfg = Debug|x86
		{3224BD97-A021-4FDB-A639-909C7F19F139}.Debug|ARM.ActiveCfg = Debug|ARM
		{3224BD97-A021-4FDB-A639-909C7F19F139}.Debug|ARM.Build.0 = Debug|ARM
		{3224BD97-A021-4FDB-A639-909C7F19F139}.Debug|ARM.Deploy.0 = Debug|ARM
		{3224BD97-A021-4FDB-A639-909C7F19F139}.Debug|iPhone.ActiveCfg = Debug|x86
		{3224BD97-A021-4FDB-A639-909C7F19F139}.Debug|iPhoneSimulator.ActiveCfg = Debug|x86
		{3224BD97-A021-4FDB-A639-909C7F19F139}.Debug|x64.ActiveCfg = Debug|x64
		{3224BD97-A021-4FDB-A639-909C7F19F139}.Debug|x64.Build.0 = Debug|x64
		{3224BD97-A021-4FDB-A639-909C7F19F139}.Debug|x64.Deploy.0 = Debug|x64
		{3224BD97-A021-4FDB-A639-909C7F19F139}.Debug|x86.ActiveCfg = Debug|x86
		{3224BD97-A021-4FDB-A639-909C7F19F139}.Debug|x86.Build.0 = Debug|x86
		{3224BD97-A021-4FDB-A639-909C7F19F139}.Debug|x86.Deploy.0 = Debug|x86
		{3224BD97-A021-4FDB-A639-909C7F19F139}.Release|Any CPU.ActiveCfg = Release|x86
		{3224BD97-A021-4FDB-A639-909C7F19F139}.Release|ARM.ActiveCfg = Release|ARM
		{3224BD97-A021-4FDB-A639-909C7F19F139}.Release|ARM.Build.0 = Release|ARM
		{3224BD97-A021-4FDB-A639-909C7F19F139}.Release|ARM.Deploy.0 = Release|ARM
		{3224BD97-A021-4FDB-A639-909C7F19F139}.Release|iPhone.ActiveCfg = Release|x86
		{3224BD97-A021-4FDB-A639-909C7F19F139}.Release|iPhoneSimulator.ActiveCfg = Release|x86
		{3224BD97-A021-4FDB-A639-909C7F19F139}.Release|x64.ActiveCfg = Release|x64
		{3224BD97-A021-4FDB-A639-909C7F19F139}.Release|x64.Build.0 = Release|x64
		{3224BD97-A021-4FDB-A639-909C7F19F139}.Release|x64.Deploy.0 = Release|x64
		{3224BD97-A021-4FDB-A639-909C7F19F139}.Release|x86.ActiveCfg = Release|x86
		{3224BD97-A021-4FDB-A639-909C7F19F139}.Release|x86.Build.0 = Release|x86
		{3224BD97-A021-4FDB-A639-909C7F19F139}.Release|x86.Deploy.0 = Release|x86
		{7DBB1B6A-839F-4916-916E-15C93315D934}.Ad-Hoc|Any CPU.ActiveCfg = Ad-Hoc|iPhone
		{7DBB1B6A-839F-4916-916E-15C93315D934}.Ad-Hoc|ARM.ActiveCfg = Ad-Hoc|iPhone
		{7DBB1B6A-839F-4916-916E-15C93315D934}.Ad-Hoc|iPhone.ActiveCfg = Ad-Hoc|iPhone
		{7DBB1B6A-839F-4916-916E-15C93315D934}.Ad-Hoc|iPhone.Build.0 = Ad-Hoc|iPhone
		{7DBB1B6A-839F-4916-916E-15C93315D934}.Ad-Hoc|iPhoneSimulator.ActiveCfg = Ad-Hoc|iPhoneSimulator
		{7DBB1B6A-839F-4916-916E-15C93315D934}.Ad-Hoc|iPhoneSimulator.Build.0 = Ad-Hoc|iPhoneSimulator
		{7DBB1B6A-839F-4916-916E-15C93315D934}.Ad-Hoc|x64.ActiveCfg = Ad-Hoc|iPhone
		{7DBB1B6A-839F-4916-916E-15C93315D934}.Ad-Hoc|x86.ActiveCfg = Ad-Hoc|iPhone
		{7DBB1B6A-839F-4916-916E-15C93315D934}.AppStore|Any CPU.ActiveCfg = AppStore|iPhone
		{7DBB1B6A-839F-4916-916E-15C93315D934}.AppStore|ARM.ActiveCfg = AppStore|iPhone
		{7DBB1B6A-839F-4916-916E-15C93315D934}.AppStore|iPhone.ActiveCfg = AppStore|iPhone
		{7DBB1B6A-839F-4916-916E-15C93315D934}.AppStore|iPhone.Build.0 = AppStore|iPhone
		{7DBB1B6A-839F-4916-916E-15C93315D934}.AppStore|iPhoneSimulator.ActiveCfg = AppStore|iPhoneSimulator
		{7DBB1B6A-839F-4916-916E-15C93315D934}.AppStore|iPhoneSimulator.Build.0 = AppStore|iPhoneSimulator
		{7DBB1B6A-839F-4916-916E-15C93315D934}.AppStore|x64.ActiveCfg = AppStore|iPhone
		{7DBB1B6A-839F-4916-916E-15C93315D934}.AppStore|x86.ActiveCfg = AppStore|iPhone
		{7DBB1B6A-839F-4916-916E-15C93315D934}.Debug|Any CPU.ActiveCfg = Debug|iPhone
		{7DBB1B6A-839F-4916-916E-15C93315D934}.Debug|ARM.ActiveCfg = Debug|iPhone
		{7DBB1B6A-839F-4916-916E-15C93315D934}.Debug|iPhone.ActiveCfg = Debug|iPhone
		{7DBB1B6A-839F-4916-916E-15C93315D934}.Debug|iPhone.Build.0 = Debug|iPhone
		{7DBB1B6A-839F-4916-916E-15C93315D934}.Debug|iPhoneSimulator.ActiveCfg = Debug|iPhoneSimulator
		{7DBB1B6A-839F-4916-916E-15C93315D934}.Debug|iPhoneSimulator.Build.0 = Debug|iPhoneSimulator
		{7DBB1B6A-839F-4916-916E-15C93315D934}.Debug|x64.ActiveCfg = Debug|iPhone
		{7DBB1B6A-839F-4916-916E-15C93315D934}.Debug|x86.ActiveCfg = Debug|iPhone
		{7DBB1B6A-839F-4916-916E-15C93315D934}.Release|Any CPU.ActiveCfg = Release|iPhone
		{7DBB1B6A-839F-4916-916E-15C93315D934}.Release|ARM.ActiveCfg = Release|iPhone
		{7DBB1B6A-839F-4916-916E-15C93315D934}.Release|iPhone.ActiveCfg = Release|iPhone
		{7DBB1B6A-839F-4916-916E-15C93315D934}.Release|iPhone.Build.0 = Release|iPhone
		{7DBB1B6A-839F-4916-916E-15C93315D934}.Release|iPhoneSimulator.ActiveCfg = Release|iPhoneSimulator
		{7DBB1B6A-839F-4916-916E-15C93315D934}.Release|iPhoneSimulator.Build.0 = Release|iPhoneSimulator
		{7DBB1B6A-839F-4916-916E-15C93315D934}.Release|x64.ActiveCfg = Release|iPhone
		{7DBB1B6A-839F-4916-916E-15C93315D934}.Release|x86.ActiveCfg = Release|iPhone
		{20702C2E-24BF-417E-9EFB-B68CEC360FA3}.Ad-Hoc|Any CPU.ActiveCfg = Release|Any CPU
		{20702C2E-24BF-417E-9EFB-B68CEC360FA3}.Ad-Hoc|Any CPU.Build.0 = Release|Any CPU
		{20702C2E-24BF-417E-9EFB-B68CEC360FA3}.Ad-Hoc|ARM.ActiveCfg = Release|Any CPU
		{20702C2E-24BF-417E-9EFB-B68CEC360FA3}.Ad-Hoc|ARM.Build.0 = Release|Any CPU
		{20702C2E-24BF-417E-9EFB-B68CEC360FA3}.Ad-Hoc|iPhone.ActiveCfg = Release|Any CPU
		{20702C2E-24BF-417E-9EFB-B68CEC360FA3}.Ad-Hoc|iPhone.Build.0 = Release|Any CPU
		{20702C2E-24BF-417E-9EFB-B68CEC360FA3}.Ad-Hoc|iPhoneSimulator.ActiveCfg = Release|Any CPU
		{20702C2E-24BF-417E-9EFB-B68CEC360FA3}.Ad-Hoc|iPhoneSimulator.Build.0 = Release|Any CPU
		{20702C2E-24BF-417E-9EFB-B68CEC360FA3}.Ad-Hoc|x64.ActiveCfg = Release|Any CPU
		{20702C2E-24BF-417E-9EFB-B68CEC360FA3}.Ad-Hoc|x64.Build.0 = Release|Any CPU
		{20702C2E-24BF-417E-9EFB-B68CEC360FA3}.Ad-Hoc|x86.ActiveCfg = Release|Any CPU
		{20702C2E-24BF-417E-9EFB-B68CEC360FA3}.Ad-Hoc|x86.Build.0 = Release|Any CPU
		{20702C2E-24BF-417E-9EFB-B68CEC360FA3}.AppStore|Any CPU.ActiveCfg = Release|Any CPU
		{20702C2E-24BF-417E-9EFB-B68CEC360FA3}.AppStore|Any CPU.Build.0 = Release|Any CPU
		{20702C2E-24BF-417E-9EFB-B68CEC360FA3}.AppStore|ARM.ActiveCfg = Release|Any CPU
		{20702C2E-24BF-417E-9EFB-B68CEC360FA3}.AppStore|ARM.Build.0 = Release|Any CPU
		{20702C2E-24BF-417E-9EFB-B68CEC360FA3}.AppStore|iPhone.ActiveCfg = Release|Any CPU
		{20702C2E-24BF-417E-9EFB-B68CEC360FA3}.AppStore|iPhone.Build.0 = Release|Any CPU
		{20702C2E-24BF-417E-9EFB-B68CEC360FA3}.AppStore|iPhoneSimulator.ActiveCfg = Release|Any CPU
		{20702C2E-24BF-417E-9EFB-B68CEC360FA3}.AppStore|iPhoneSimulator.Build.0 = Release|Any CPU
		{20702C2E-24BF-417E-9EFB-B68CEC360FA3}.AppStore|x64.ActiveCfg = Release|Any CPU
		{20702C2E-24BF-417E-9EFB-B68CEC360FA3}.AppStore|x64.Build.0 = Release|Any CPU
		{20702C2E-24BF-417E-9EFB-B68CEC360FA3}.AppStore|x86.ActiveCfg = Release|Any CPU
		{20702C2E-24BF-417E-9EFB-B68CEC360FA3}.AppStore|x86.Build.0 = Release|Any CPU
		{20702C2E-24BF-417E-9EFB-B68CEC360FA3}.Debug|Any CPU.ActiveCfg = Debug|Any CPU
		{20702C2E-24BF-417E-9EFB-B68CEC360FA3}.Debug|Any CPU.Build.0 = Debug|Any CPU
		{20702C2E-24BF-417E-9EFB-B68CEC360FA3}.Debug|ARM.ActiveCfg = Debug|Any CPU
		{20702C2E-24BF-417E-9EFB-B68CEC360FA3}.Debug|ARM.Build.0 = Debug|Any CPU
		{20702C2E-24BF-417E-9EFB-B68CEC360FA3}.Debug|iPhone.ActiveCfg = Debug|Any CPU
		{20702C2E-24BF-417E-9EFB-B68CEC360FA3}.Debug|iPhone.Build.0 = Debug|Any CPU
		{20702C2E-24BF-417E-9EFB-B68CEC360FA3}.Debug|iPhoneSimulator.ActiveCfg = Debug|Any CPU
		{20702C2E-24BF-417E-9EFB-B68CEC360FA3}.Debug|iPhoneSimulator.Build.0 = Debug|Any CPU
		{20702C2E-24BF-417E-9EFB-B68CEC360FA3}.Debug|x64.ActiveCfg = Debug|Any CPU
		{20702C2E-24BF-417E-9EFB-B68CEC360FA3}.Debug|x64.Build.0 = Debug|Any CPU
		{20702C2E-24BF-417E-9EFB-B68CEC360FA3}.Debug|x86.ActiveCfg = Debug|Any CPU
		{20702C2E-24BF-417E-9EFB-B68CEC360FA3}.Debug|x86.Build.0 = Debug|Any CPU
		{20702C2E-24BF-417E-9EFB-B68CEC360FA3}.Release|Any CPU.ActiveCfg = Release|Any CPU
		{20702C2E-24BF-417E-9EFB-B68CEC360FA3}.Release|Any CPU.Build.0 = Release|Any CPU
		{20702C2E-24BF-417E-9EFB-B68CEC360FA3}.Release|ARM.ActiveCfg = Release|Any CPU
		{20702C2E-24BF-417E-9EFB-B68CEC360FA3}.Release|ARM.Build.0 = Release|Any CPU
		{20702C2E-24BF-417E-9EFB-B68CEC360FA3}.Release|iPhone.ActiveCfg = Release|Any CPU
		{20702C2E-24BF-417E-9EFB-B68CEC360FA3}.Release|iPhone.Build.0 = Release|Any CPU
		{20702C2E-24BF-417E-9EFB-B68CEC360FA3}.Release|iPhoneSimulator.ActiveCfg = Release|Any CPU
		{20702C2E-24BF-417E-9EFB-B68CEC360FA3}.Release|iPhoneSimulator.Build.0 = Release|Any CPU
		{20702C2E-24BF-417E-9EFB-B68CEC360FA3}.Release|x64.ActiveCfg = Release|Any CPU
		{20702C2E-24BF-417E-9EFB-B68CEC360FA3}.Release|x64.Build.0 = Release|Any CPU
		{20702C2E-24BF-417E-9EFB-B68CEC360FA3}.Release|x86.ActiveCfg = Release|Any CPU
		{20702C2E-24BF-417E-9EFB-B68CEC360FA3}.Release|x86.Build.0 = Release|Any CPU
		{DB140B3E-0A15-4923-A07E-AD0C73523E27}.Ad-Hoc|Any CPU.ActiveCfg = Release|Any CPU
		{DB140B3E-0A15-4923-A07E-AD0C73523E27}.Ad-Hoc|Any CPU.Build.0 = Release|Any CPU
		{DB140B3E-0A15-4923-A07E-AD0C73523E27}.Ad-Hoc|ARM.ActiveCfg = Release|Any CPU
		{DB140B3E-0A15-4923-A07E-AD0C73523E27}.Ad-Hoc|ARM.Build.0 = Release|Any CPU
		{DB140B3E-0A15-4923-A07E-AD0C73523E27}.Ad-Hoc|iPhone.ActiveCfg = Release|Any CPU
		{DB140B3E-0A15-4923-A07E-AD0C73523E27}.Ad-Hoc|iPhone.Build.0 = Release|Any CPU
		{DB140B3E-0A15-4923-A07E-AD0C73523E27}.Ad-Hoc|iPhoneSimulator.ActiveCfg = Release|Any CPU
		{DB140B3E-0A15-4923-A07E-AD0C73523E27}.Ad-Hoc|iPhoneSimulator.Build.0 = Release|Any CPU
		{DB140B3E-0A15-4923-A07E-AD0C73523E27}.Ad-Hoc|x64.ActiveCfg = Release|Any CPU
		{DB140B3E-0A15-4923-A07E-AD0C73523E27}.Ad-Hoc|x64.Build.0 = Release|Any CPU
		{DB140B3E-0A15-4923-A07E-AD0C73523E27}.Ad-Hoc|x86.ActiveCfg = Release|Any CPU
		{DB140B3E-0A15-4923-A07E-AD0C73523E27}.Ad-Hoc|x86.Build.0 = Release|Any CPU
		{DB140B3E-0A15-4923-A07E-AD0C73523E27}.AppStore|Any CPU.ActiveCfg = Release|Any CPU
		{DB140B3E-0A15-4923-A07E-AD0C73523E27}.AppStore|Any CPU.Build.0 = Release|Any CPU
		{DB140B3E-0A15-4923-A07E-AD0C73523E27}.AppStore|ARM.ActiveCfg = Release|Any CPU
		{DB140B3E-0A15-4923-A07E-AD0C73523E27}.AppStore|ARM.Build.0 = Release|Any CPU
		{DB140B3E-0A15-4923-A07E-AD0C73523E27}.AppStore|iPhone.ActiveCfg = Release|Any CPU
		{DB140B3E-0A15-4923-A07E-AD0C73523E27}.AppStore|iPhone.Build.0 = Release|Any CPU
		{DB140B3E-0A15-4923-A07E-AD0C73523E27}.AppStore|iPhoneSimulator.ActiveCfg = Release|Any CPU
		{DB140B3E-0A15-4923-A07E-AD0C73523E27}.AppStore|iPhoneSimulator.Build.0 = Release|Any CPU
		{DB140B3E-0A15-4923-A07E-AD0C73523E27}.AppStore|x64.ActiveCfg = Release|Any CPU
		{DB140B3E-0A15-4923-A07E-AD0C73523E27}.AppStore|x64.Build.0 = Release|Any CPU
		{DB140B3E-0A15-4923-A07E-AD0C73523E27}.AppStore|x86.ActiveCfg = Release|Any CPU
		{DB140B3E-0A15-4923-A07E-AD0C73523E27}.AppStore|x86.Build.0 = Release|Any CPU
		{DB140B3E-0A15-4923-A07E-AD0C73523E27}.Debug|Any CPU.ActiveCfg = Debug|Any CPU
		{DB140B3E-0A15-4923-A07E-AD0C73523E27}.Debug|Any CPU.Build.0 = Debug|Any CPU
		{DB140B3E-0A15-4923-A07E-AD0C73523E27}.Debug|ARM.ActiveCfg = Debug|Any CPU
		{DB140B3E-0A15-4923-A07E-AD0C73523E27}.Debug|ARM.Build.0 = Debug|Any CPU
		{DB140B3E-0A15-4923-A07E-AD0C73523E27}.Debug|iPhone.ActiveCfg = Debug|Any CPU
		{DB140B3E-0A15-4923-A07E-AD0C73523E27}.Debug|iPhone.Build.0 = Debug|Any CPU
		{DB140B3E-0A15-4923-A07E-AD0C73523E27}.Debug|iPhoneSimulator.ActiveCfg = Debug|Any CPU
		{DB140B3E-0A15-4923-A07E-AD0C73523E27}.Debug|iPhoneSimulator.Build.0 = Debug|Any CPU
		{DB140B3E-0A15-4923-A07E-AD0C73523E27}.Debug|x64.ActiveCfg = Debug|Any CPU
		{DB140B3E-0A15-4923-A07E-AD0C73523E27}.Debug|x64.Build.0 = Debug|Any CPU
		{DB140B3E-0A15-4923-A07E-AD0C73523E27}.Debug|x86.ActiveCfg = Debug|Any CPU
		{DB140B3E-0A15-4923-A07E-AD0C73523E27}.Debug|x86.Build.0 = Debug|Any CPU
		{DB140B3E-0A15-4923-A07E-AD0C73523E27}.Release|Any CPU.ActiveCfg = Release|Any CPU
		{DB140B3E-0A15-4923-A07E-AD0C73523E27}.Release|Any CPU.Build.0 = Release|Any CPU
		{DB140B3E-0A15-4923-A07E-AD0C73523E27}.Release|ARM.ActiveCfg = Release|Any CPU
		{DB140B3E-0A15-4923-A07E-AD0C73523E27}.Release|ARM.Build.0 = Release|Any CPU
		{DB140B3E-0A15-4923-A07E-AD0C73523E27}.Release|iPhone.ActiveCfg = Release|Any CPU
		{DB140B3E-0A15-4923-A07E-AD0C73523E27}.Release|iPhone.Build.0 = Release|Any CPU
		{DB140B3E-0A15-4923-A07E-AD0C73523E27}.Release|iPhoneSimulator.ActiveCfg = Release|Any CPU
		{DB140B3E-0A15-4923-A07E-AD0C73523E27}.Release|iPhoneSimulator.Build.0 = Release|Any CPU
		{DB140B3E-0A15-4923-A07E-AD0C73523E27}.Release|x64.ActiveCfg = Release|Any CPU
		{DB140B3E-0A15-4923-A07E-AD0C73523E27}.Release|x64.Build.0 = Release|Any CPU
		{DB140B3E-0A15-4923-A07E-AD0C73523E27}.Release|x86.ActiveCfg = Release|Any CPU
		{DB140B3E-0A15-4923-A07E-AD0C73523E27}.Release|x86.Build.0 = Release|Any CPU
		{4C6EFDD3-14DA-410E-8026-AB452C5E1E44}.Ad-Hoc|Any CPU.ActiveCfg = Release|Any CPU
		{4C6EFDD3-14DA-410E-8026-AB452C5E1E44}.Ad-Hoc|Any CPU.Build.0 = Release|Any CPU
		{4C6EFDD3-14DA-410E-8026-AB452C5E1E44}.Ad-Hoc|ARM.ActiveCfg = Release|Any CPU
		{4C6EFDD3-14DA-410E-8026-AB452C5E1E44}.Ad-Hoc|ARM.Build.0 = Release|Any CPU
		{4C6EFDD3-14DA-410E-8026-AB452C5E1E44}.Ad-Hoc|iPhone.ActiveCfg = Release|Any CPU
		{4C6EFDD3-14DA-410E-8026-AB452C5E1E44}.Ad-Hoc|iPhone.Build.0 = Release|Any CPU
		{4C6EFDD3-14DA-410E-8026-AB452C5E1E44}.Ad-Hoc|iPhoneSimulator.ActiveCfg = Release|Any CPU
		{4C6EFDD3-14DA-410E-8026-AB452C5E1E44}.Ad-Hoc|iPhoneSimulator.Build.0 = Release|Any CPU
		{4C6EFDD3-14DA-410E-8026-AB452C5E1E44}.Ad-Hoc|x64.ActiveCfg = Release|Any CPU
		{4C6EFDD3-14DA-410E-8026-AB452C5E1E44}.Ad-Hoc|x64.Build.0 = Release|Any CPU
		{4C6EFDD3-14DA-410E-8026-AB452C5E1E44}.Ad-Hoc|x86.ActiveCfg = Release|Any CPU
		{4C6EFDD3-14DA-410E-8026-AB452C5E1E44}.Ad-Hoc|x86.Build.0 = Release|Any CPU
		{4C6EFDD3-14DA-410E-8026-AB452C5E1E44}.AppStore|Any CPU.ActiveCfg = Release|Any CPU
		{4C6EFDD3-14DA-410E-8026-AB452C5E1E44}.AppStore|Any CPU.Build.0 = Release|Any CPU
		{4C6EFDD3-14DA-410E-8026-AB452C5E1E44}.AppStore|ARM.ActiveCfg = Release|Any CPU
		{4C6EFDD3-14DA-410E-8026-AB452C5E1E44}.AppStore|ARM.Build.0 = Release|Any CPU
		{4C6EFDD3-14DA-410E-8026-AB452C5E1E44}.AppStore|iPhone.ActiveCfg = Release|Any CPU
		{4C6EFDD3-14DA-410E-8026-AB452C5E1E44}.AppStore|iPhone.Build.0 = Release|Any CPU
		{4C6EFDD3-14DA-410E-8026-AB452C5E1E44}.AppStore|iPhoneSimulator.ActiveCfg = Release|Any CPU
		{4C6EFDD3-14DA-410E-8026-AB452C5E1E44}.AppStore|iPhoneSimulator.Build.0 = Release|Any CPU
		{4C6EFDD3-14DA-410E-8026-AB452C5E1E44}.AppStore|x64.ActiveCfg = Release|Any CPU
		{4C6EFDD3-14DA-410E-8026-AB452C5E1E44}.AppStore|x64.Build.0 = Release|Any CPU
		{4C6EFDD3-14DA-410E-8026-AB452C5E1E44}.AppStore|x86.ActiveCfg = Release|Any CPU
		{4C6EFDD3-14DA-410E-8026-AB452C5E1E44}.AppStore|x86.Build.0 = Release|Any CPU
		{4C6EFDD3-14DA-410E-8026-AB452C5E1E44}.Debug|Any CPU.ActiveCfg = Debug|Any CPU
		{4C6EFDD3-14DA-410E-8026-AB452C5E1E44}.Debug|Any CPU.Build.0 = Debug|Any CPU
		{4C6EFDD3-14DA-410E-8026-AB452C5E1E44}.Debug|ARM.ActiveCfg = Debug|Any CPU
		{4C6EFDD3-14DA-410E-8026-AB452C5E1E44}.Debug|ARM.Build.0 = Debug|Any CPU
		{4C6EFDD3-14DA-410E-8026-AB452C5E1E44}.Debug|iPhone.ActiveCfg = Debug|Any CPU
		{4C6EFDD3-14DA-410E-8026-AB452C5E1E44}.Debug|iPhone.Build.0 = Debug|Any CPU
		{4C6EFDD3-14DA-410E-8026-AB452C5E1E44}.Debug|iPhoneSimulator.ActiveCfg = Debug|Any CPU
		{4C6EFDD3-14DA-410E-8026-AB452C5E1E44}.Debug|iPhoneSimulator.Build.0 = Debug|Any CPU
		{4C6EFDD3-14DA-410E-8026-AB452C5E1E44}.Debug|x64.ActiveCfg = Debug|Any CPU
		{4C6EFDD3-14DA-410E-8026-AB452C5E1E44}.Debug|x64.Build.0 = Debug|Any CPU
		{4C6EFDD3-14DA-410E-8026-AB452C5E1E44}.Debug|x86.ActiveCfg = Debug|Any CPU
		{4C6EFDD3-14DA-410E-8026-AB452C5E1E44}.Debug|x86.Build.0 = Debug|Any CPU
		{4C6EFDD3-14DA-410E-8026-AB452C5E1E44}.Release|Any CPU.ActiveCfg = Release|Any CPU
		{4C6EFDD3-14DA-410E-8026-AB452C5E1E44}.Release|Any CPU.Build.0 = Release|Any CPU
		{4C6EFDD3-14DA-410E-8026-AB452C5E1E44}.Release|ARM.ActiveCfg = Release|Any CPU
		{4C6EFDD3-14DA-410E-8026-AB452C5E1E44}.Release|ARM.Build.0 = Release|Any CPU
		{4C6EFDD3-14DA-410E-8026-AB452C5E1E44}.Release|iPhone.ActiveCfg = Release|Any CPU
		{4C6EFDD3-14DA-410E-8026-AB452C5E1E44}.Release|iPhone.Build.0 = Release|Any CPU
		{4C6EFDD3-14DA-410E-8026-AB452C5E1E44}.Release|iPhoneSimulator.ActiveCfg = Release|Any CPU
		{4C6EFDD3-14DA-410E-8026-AB452C5E1E44}.Release|iPhoneSimulator.Build.0 = Release|Any CPU
		{4C6EFDD3-14DA-410E-8026-AB452C5E1E44}.Release|x64.ActiveCfg = Release|Any CPU
		{4C6EFDD3-14DA-410E-8026-AB452C5E1E44}.Release|x64.Build.0 = Release|Any CPU
		{4C6EFDD3-14DA-410E-8026-AB452C5E1E44}.Release|x86.ActiveCfg = Release|Any CPU
		{4C6EFDD3-14DA-410E-8026-AB452C5E1E44}.Release|x86.Build.0 = Release|Any CPU
	EndGlobalSection
	GlobalSection(SolutionProperties) = preSolution
		HideSolutionNode = FALSE
	EndGlobalSection
	GlobalSection(NestedProjects) = preSolution
		{20702C2E-24BF-417E-9EFB-B68CEC360FA3} = {3119CC78-40E1-4284-B18B-D8E72E7FC1B3}
		{DB140B3E-0A15-4923-A07E-AD0C73523E27} = {3119CC78-40E1-4284-B18B-D8E72E7FC1B3}
		{4C6EFDD3-14DA-410E-8026-AB452C5E1E44} = {3119CC78-40E1-4284-B18B-D8E72E7FC1B3}
	EndGlobalSection
EndGlobal
